
Microsoft Visual Studio Solution File, Format Version 12.00
# Visual Studio Version 17
VisualStudioVersion = 17.14.36127.28
MinimumVisualStudioVersion = 10.0.40219.1
Project("{FAE04EC0-301F-11D3-BF4B-00C04F79EFBC}") = "AzureBlobProject", "AzureBlobProject\AzureBlobProject.csproj", "{9694D64A-BA7A-4A34-80E7-63575F608DFC}"
EndProject
Project("{FAE04EC0-301F-11D3-BF4B-00C04F79EFBC}") = "AzureFunktionTangyWeb", "AzureFunktionTangyWeb\AzureFunktionTangyWeb.csproj", "{02DC7078-2C98-4F03-A8F1-90114C176892}"
EndProject
Global
	GlobalSection(SolutionConfigurationPlatforms) = preSolution
		Debug|Any CPU = Debug|Any CPU
		Release|Any CPU = Release|Any CPU
	EndGlobalSection
	GlobalSection(ProjectConfigurationPlatforms) = postSolution
		{9694D64A-BA7A-4A34-80E7-63575F608DFC}.Debug|Any CPU.ActiveCfg = Debug|Any CPU
		{9694D64A-BA7A-4A34-80E7-63575F608DFC}.Debug|Any CPU.Build.0 = Debug|Any CPU
		{9694D64A-BA7A-4A34-80E7-63575F608DFC}.Release|Any CPU.ActiveCfg = Release|Any CPU
		{9694D64A-BA7A-4A34-80E7-63575F608DFC}.Release|Any CPU.Build.0 = Release|Any CPU
		{02DC7078-2C98-4F03-A8F1-90114C176892}.Debug|Any CPU.ActiveCfg = Debug|Any CPU
		{02DC7078-2C98-4F03-A8F1-90114C176892}.Debug|Any CPU.Build.0 = Debug|Any CPU
		{02DC7078-2C98-4F03-A8F1-90114C176892}.Release|Any CPU.ActiveCfg = Release|Any CPU
		{02DC7078-2C98-4F03-A8F1-90114C176892}.Release|Any CPU.Build.0 = Release|Any CPU
	EndGlobalSection
	GlobalSection(SolutionProperties) = preSolution
		HideSolutionNode = FALSE
	EndGlobalSection
	GlobalSection(ExtensibilityGlobals) = postSolution
		SolutionGuid = {65F72730-4275-4DDC-BD51-89CFE17CDBDD}
	EndGlobalSection
EndGlobal
